
Microsoft Visual Studio Solution File, Format Version 12.00
# Visual Studio Version 17
VisualStudioVersion = 17.5.33516.290
MinimumVisualStudioVersion = 10.0.40219.1
Project("{FAE04EC0-301F-11D3-BF4B-00C04F79EFBC}") = "TradeObserver", "TradeObserver.csproj", "{B58A9C46-DCF9-4554-A56B-6A4F81539E8F}"
EndProject
Global
	GlobalSection(SolutionConfigurationPlatforms) = preSolution
		Debug|Any CPU = Debug|Any CPU
		Release|Any CPU = Release|Any CPU
	EndGlobalSection
	GlobalSection(ProjectConfigurationPlatforms) = postSolution
		{B58A9C46-DCF9-4554-A56B-6A4F81539E8F}.Debug|Any CPU.ActiveCfg = Debug|Any CPU
		{B58A9C46-DCF9-4554-A56B-6A4F81539E8F}.Debug|Any CPU.Build.0 = Debug|Any CPU
		{B58A9C46-DCF9-4554-A56B-6A4F81539E8F}.Release|Any CPU.ActiveCfg = Release|Any CPU
		{B58A9C46-DCF9-4554-A56B-6A4F81539E8F}.Release|Any CPU.Build.0 = Release|Any CPU
	EndGlobalSection
	GlobalSection(SolutionProperties) = preSolution
		HideSolutionNode = FALSE
	EndGlobalSection
	GlobalSection(ExtensibilityGlobals) = postSolution
		SolutionGuid = {08FF35A9-DACA-4500-BAAE-C3D62BCA34F4}
	EndGlobalSection
EndGlobal
